
Microsoft Visual Studio Solution File, Format Version 12.00
# Visual Studio 2013
VisualStudioVersion = 12.0.30723.0
MinimumVisualStudioVersion = 10.0.40219.1
Project("{FAE04EC0-301F-11D3-BF4B-00C04F79EFBC}") = "Crawler", "Crawler\Crawler.csproj", "{99DCE25F-4286-4D5E-AF98-38B932A066B1}"
EndProject
Project("{FAE04EC0-301F-11D3-BF4B-00C04F79EFBC}") = "Peter", "Peter\Peter.csproj", "{C8964512-4D00-4BD3-AD89-B58D25EB327D}"
EndProject
Project("{FAE04EC0-301F-11D3-BF4B-00C04F79EFBC}") = "Indexer", "Indexer\Indexer.csproj", "{F594401E-E82F-4DA1-AFD9-5FD7F3CFE9DE}"
EndProject
Project("{FAE04EC0-301F-11D3-BF4B-00C04F79EFBC}") = "URLStuff", "URLStuff\URLStuff.csproj", "{914D0BE5-6A56-44ED-AED5-AA512A546A39}"
EndProject
Project("{FAE04EC0-301F-11D3-BF4B-00C04F79EFBC}") = "PetersWeb", "PetersWeb\PetersWeb.csproj", "{C4358E49-D677-40B4-B3A1-4121366244AC}"
EndProject
Global
	GlobalSection(SolutionConfigurationPlatforms) = preSolution
		Debug|Any CPU = Debug|Any CPU
		Release|Any CPU = Release|Any CPU
	EndGlobalSection
	GlobalSection(ProjectConfigurationPlatforms) = postSolution
		{99DCE25F-4286-4D5E-AF98-38B932A066B1}.Debug|Any CPU.ActiveCfg = Debug|Any CPU
		{99DCE25F-4286-4D5E-AF98-38B932A066B1}.Debug|Any CPU.Build.0 = Debug|Any CPU
		{99DCE25F-4286-4D5E-AF98-38B932A066B1}.Release|Any CPU.ActiveCfg = Release|Any CPU
		{99DCE25F-4286-4D5E-AF98-38B932A066B1}.Release|Any CPU.Build.0 = Release|Any CPU
		{C8964512-4D00-4BD3-AD89-B58D25EB327D}.Debug|Any CPU.ActiveCfg = Debug|Any CPU
		{C8964512-4D00-4BD3-AD89-B58D25EB327D}.Debug|Any CPU.Build.0 = Debug|Any CPU
		{C8964512-4D00-4BD3-AD89-B58D25EB327D}.Release|Any CPU.ActiveCfg = Release|Any CPU
		{C8964512-4D00-4BD3-AD89-B58D25EB327D}.Release|Any CPU.Build.0 = Release|Any CPU
		{F594401E-E82F-4DA1-AFD9-5FD7F3CFE9DE}.Debug|Any CPU.ActiveCfg = Debug|Any CPU
		{F594401E-E82F-4DA1-AFD9-5FD7F3CFE9DE}.Debug|Any CPU.Build.0 = Debug|Any CPU
		{F594401E-E82F-4DA1-AFD9-5FD7F3CFE9DE}.Release|Any CPU.ActiveCfg = Release|Any CPU
		{F594401E-E82F-4DA1-AFD9-5FD7F3CFE9DE}.Release|Any CPU.Build.0 = Release|Any CPU
		{914D0BE5-6A56-44ED-AED5-AA512A546A39}.Debug|Any CPU.ActiveCfg = Debug|Any CPU
		{914D0BE5-6A56-44ED-AED5-AA512A546A39}.Debug|Any CPU.Build.0 = Debug|Any CPU
		{914D0BE5-6A56-44ED-AED5-AA512A546A39}.Release|Any CPU.ActiveCfg = Release|Any CPU
		{914D0BE5-6A56-44ED-AED5-AA512A546A39}.Release|Any CPU.Build.0 = Release|Any CPU
		{C4358E49-D677-40B4-B3A1-4121366244AC}.Debug|Any CPU.ActiveCfg = Debug|Any CPU
		{C4358E49-D677-40B4-B3A1-4121366244AC}.Debug|Any CPU.Build.0 = Debug|Any CPU
		{C4358E49-D677-40B4-B3A1-4121366244AC}.Release|Any CPU.ActiveCfg = Release|Any CPU
		{C4358E49-D677-40B4-B3A1-4121366244AC}.Release|Any CPU.Build.0 = Release|Any CPU
	EndGlobalSection
	GlobalSection(SolutionProperties) = preSolution
		HideSolutionNode = FALSE
	EndGlobalSection
EndGlobal
